
Microsoft Visual Studio Solution File, Format Version 12.00
# Visual Studio Version 16
VisualStudioVersion = 16.0.30804.86
MinimumVisualStudioVersion = 10.0.40219.1
Project("{9A19103F-16F7-4668-BE54-9A1E7A4F7556}") = "AMDSS", "AMDSS\AMDSS.csproj", "{A0B09E62-AF36-4B39-B07C-B5C5ED57F242}"
EndProject
Project("{9A19103F-16F7-4668-BE54-9A1E7A4F7556}") = "OECSDK", "OECSDK\OECSDK.csproj", "{1B091FF2-B41B-4784-AB13-4F8CC84567E6}"
EndProject
Project("{54435603-DBB4-11D2-8724-00A0C9A8B90C}") = "AMDSS_Setup", "AMDSS_Setup\AMDSS_Setup.vdproj", "{207658E5-3890-4FF4-918E-7A3D547FC503}"
EndProject
Global
	GlobalSection(SolutionConfigurationPlatforms) = preSolution
		Debug|Any CPU = Debug|Any CPU
		Release|Any CPU = Release|Any CPU
	EndGlobalSection
	GlobalSection(ProjectConfigurationPlatforms) = postSolution
		{A0B09E62-AF36-4B39-B07C-B5C5ED57F242}.Debug|Any CPU.ActiveCfg = Debug|Any CPU
		{A0B09E62-AF36-4B39-B07C-B5C5ED57F242}.Debug|Any CPU.Build.0 = Debug|Any CPU
		{A0B09E62-AF36-4B39-B07C-B5C5ED57F242}.Release|Any CPU.ActiveCfg = Release|Any CPU
		{A0B09E62-AF36-4B39-B07C-B5C5ED57F242}.Release|Any CPU.Build.0 = Release|Any CPU
		{1B091FF2-B41B-4784-AB13-4F8CC84567E6}.Debug|Any CPU.ActiveCfg = Debug|Any CPU
		{1B091FF2-B41B-4784-AB13-4F8CC84567E6}.Debug|Any CPU.Build.0 = Debug|Any CPU
		{1B091FF2-B41B-4784-AB13-4F8CC84567E6}.Release|Any CPU.ActiveCfg = Release|Any CPU
		{1B091FF2-B41B-4784-AB13-4F8CC84567E6}.Release|Any CPU.Build.0 = Release|Any CPU
		{207658E5-3890-4FF4-918E-7A3D547FC503}.Debug|Any CPU.ActiveCfg = Debug
		{207658E5-3890-4FF4-918E-7A3D547FC503}.Release|Any CPU.ActiveCfg = Release
	EndGlobalSection
	GlobalSection(SolutionProperties) = preSolution
		HideSolutionNode = FALSE
	EndGlobalSection
	GlobalSection(ExtensibilityGlobals) = postSolution
		SolutionGuid = {BC82541D-EB5F-4C17-9BB6-05672E05B309}
	EndGlobalSection
EndGlobal
